
Microsoft Visual Studio Solution File, Format Version 12.00
# Visual Studio Version 17
VisualStudioVersion = 17.11.35327.3
MinimumVisualStudioVersion = 10.0.40219.1
Project("{FAE04EC0-301F-11D3-BF4B-00C04F79EFBC}") = "ConsoleApp6", "ConsoleApp6.csproj", "{FCDCF517-8EF1-45C3-A43C-643D4F8DCBF4}"
EndProject
Global
	GlobalSection(SolutionConfigurationPlatforms) = preSolution
		Debug|Any CPU = Debug|Any CPU
		Release|Any CPU = Release|Any CPU
	EndGlobalSection
	GlobalSection(ProjectConfigurationPlatforms) = postSolution
		{FCDCF517-8EF1-45C3-A43C-643D4F8DCBF4}.Debug|Any CPU.ActiveCfg = Debug|Any CPU
		{FCDCF517-8EF1-45C3-A43C-643D4F8DCBF4}.Debug|Any CPU.Build.0 = Debug|Any CPU
		{FCDCF517-8EF1-45C3-A43C-643D4F8DCBF4}.Release|Any CPU.ActiveCfg = Release|Any CPU
		{FCDCF517-8EF1-45C3-A43C-643D4F8DCBF4}.Release|Any CPU.Build.0 = Release|Any CPU
	EndGlobalSection
	GlobalSection(SolutionProperties) = preSolution
		HideSolutionNode = FALSE
	EndGlobalSection
	GlobalSection(ExtensibilityGlobals) = postSolution
		SolutionGuid = {B2CD3CA5-8167-4E36-841B-58F78125B5D6}
	EndGlobalSection
EndGlobal
